
Microsoft Visual Studio Solution File, Format Version 12.00
# Visual Studio Version 16
VisualStudioVersion = 16.0.31410.357
MinimumVisualStudioVersion = 10.0.40219.1
Project("{9A19103F-16F7-4668-BE54-9A1E7A4F7556}") = "Pratik", "Pratik\Pratik.csproj", "{2228C929-82D4-4EDC-9FBC-9699E515CE4D}"
EndProject
Project("{FAE04EC0-301F-11D3-BF4B-00C04F79EFBC}") = "E-Ticaret", "E-Ticaret\E-Ticaret.csproj", "{6D178CE4-D098-4453-A56B-317E86C84813}"
EndProject
Project("{FAE04EC0-301F-11D3-BF4B-00C04F79EFBC}") = "Okul_Kayitlari", "Okul_Kayitlari\Okul_Kayitlari.csproj", "{D3DB5C2A-943B-493D-A053-D02B4CBEDDEF}"
EndProject
Global
	GlobalSection(SolutionConfigurationPlatforms) = preSolution
		Debug|Any CPU = Debug|Any CPU
		Release|Any CPU = Release|Any CPU
	EndGlobalSection
	GlobalSection(ProjectConfigurationPlatforms) = postSolution
		{2228C929-82D4-4EDC-9FBC-9699E515CE4D}.Debug|Any CPU.ActiveCfg = Debug|Any CPU
		{2228C929-82D4-4EDC-9FBC-9699E515CE4D}.Debug|Any CPU.Build.0 = Debug|Any CPU
		{2228C929-82D4-4EDC-9FBC-9699E515CE4D}.Release|Any CPU.ActiveCfg = Release|Any CPU
		{2228C929-82D4-4EDC-9FBC-9699E515CE4D}.Release|Any CPU.Build.0 = Release|Any CPU
		{6D178CE4-D098-4453-A56B-317E86C84813}.Debug|Any CPU.ActiveCfg = Debug|Any CPU
		{6D178CE4-D098-4453-A56B-317E86C84813}.Debug|Any CPU.Build.0 = Debug|Any CPU
		{6D178CE4-D098-4453-A56B-317E86C84813}.Release|Any CPU.ActiveCfg = Release|Any CPU
		{6D178CE4-D098-4453-A56B-317E86C84813}.Release|Any CPU.Build.0 = Release|Any CPU
		{D3DB5C2A-943B-493D-A053-D02B4CBEDDEF}.Debug|Any CPU.ActiveCfg = Debug|Any CPU
		{D3DB5C2A-943B-493D-A053-D02B4CBEDDEF}.Debug|Any CPU.Build.0 = Debug|Any CPU
		{D3DB5C2A-943B-493D-A053-D02B4CBEDDEF}.Release|Any CPU.ActiveCfg = Release|Any CPU
		{D3DB5C2A-943B-493D-A053-D02B4CBEDDEF}.Release|Any CPU.Build.0 = Release|Any CPU
	EndGlobalSection
	GlobalSection(SolutionProperties) = preSolution
		HideSolutionNode = FALSE
	EndGlobalSection
	GlobalSection(ExtensibilityGlobals) = postSolution
		SolutionGuid = {05CD837D-4F1A-4397-BCBC-8CA440A9700C}
	EndGlobalSection
EndGlobal
